
Microsoft Visual Studio Solution File, Format Version 12.00
# Visual Studio Version 16
VisualStudioVersion = 16.0.33328.57
MinimumVisualStudioVersion = 10.0.40219.1
Project("{FAE04EC0-301F-11D3-BF4B-00C04F79EFBC}") = "OpenCorepiAndBypass", "OpenCorepiAndBypass\OpenCorepiAndBypass.csproj", "{19E39293-550A-4239-8C38-7FFE39CF38A9}"
EndProject
Global
	GlobalSection(SolutionConfigurationPlatforms) = preSolution
		Debug|Any CPU = Debug|Any CPU
		Release|Any CPU = Release|Any CPU
	EndGlobalSection
	GlobalSection(ProjectConfigurationPlatforms) = postSolution
		{19E39293-550A-4239-8C38-7FFE39CF38A9}.Debug|Any CPU.ActiveCfg = Debug|Any CPU
		{19E39293-550A-4239-8C38-7FFE39CF38A9}.Debug|Any CPU.Build.0 = Debug|Any CPU
		{19E39293-550A-4239-8C38-7FFE39CF38A9}.Release|Any CPU.ActiveCfg = Release|Any CPU
		{19E39293-550A-4239-8C38-7FFE39CF38A9}.Release|Any CPU.Build.0 = Release|Any CPU
	EndGlobalSection
	GlobalSection(SolutionProperties) = preSolution
		HideSolutionNode = FALSE
	EndGlobalSection
	GlobalSection(ExtensibilityGlobals) = postSolution
		SolutionGuid = {8A2E99C4-B1F1-44B1-861D-075595244084}
	EndGlobalSection
EndGlobal
